// !$*UTF8*$!
{
	archiveVersion = 1;
	classes = {
	};
	objectVersion = 46;
	objects = {

/* Begin PBXBuildFile section */
		E65108C71CF91E9C009347D9 /* AppDelegate.swift in Sources */ = {isa = PBXBuildFile; fileRef = E65108C61CF91E9C009347D9 /* AppDelegate.swift */; };
		E65108C91CF91E9C009347D9 /* ViewController.swift in Sources */ = {isa = PBXBuildFile; fileRef = E65108C81CF91E9C009347D9 /* ViewController.swift */; };
		E65108CC1CF91E9C009347D9 /* Main.storyboard in Resources */ = {isa = PBXBuildFile; fileRef = E65108CA1CF91E9C009347D9 /* Main.storyboard */; };
		E65108CE1CF91E9C009347D9 /* Assets.xcassets in Resources */ = {isa = PBXBuildFile; fileRef = E65108CD1CF91E9C009347D9 /* Assets.xcassets */; };
		E65108D11CF91E9C009347D9 /* LaunchScreen.storyboard in Resources */ = {isa = PBXBuildFile; fileRef = E65108CF1CF91E9C009347D9 /* LaunchScreen.storyboard */; };
		E65108DC1CF91E9C009347D9 /* Retro_CalculatorTests.swift in Sources */ = {isa = PBXBuildFile; fileRef = E65108DB1CF91E9C009347D9 /* Retro_CalculatorTests.swift */; };
		E65108E71CF91E9C009347D9 /* Retro_CalculatorUITests.swift in Sources */ = {isa = PBXBuildFile; fileRef = E65108E61CF91E9C009347D9 /* Retro_CalculatorUITests.swift */; };
/* End PBXBuildFile section */

/* Begin PBXContainerItemProxy section */
		E65108D81CF91E9C009347D9 /* PBXContainerItemProxy */ = {
			isa = PBXContainerItemProxy;
			containerPortal = E65108BB1CF91E9C009347D9 /* Project object */;
			proxyType = 1;
			remoteGlobalIDString = E65108C21CF91E9C009347D9;
			remoteInfo = "Retro Calculator";
		};
		E65108E31CF91E9C009347D9 /* PBXContainerItemProxy */ = {
			isa = PBXContainerItemProxy;
			containerPortal = E65108BB1CF91E9C009347D9 /* Project object */;
			proxyType = 1;
			remoteGlobalIDString = E65108C21CF91E9C009347D9;
			remoteInfo = "Retro Calculator";
		};
/* End PBXContainerItemProxy section */

/* Begin PBXFileReference section */
		E65108C31CF91E9C009347D9 /* Retro Calculator.app */ = {isa = PBXFileReference; explicitFileType = wrapper.application; includeInIndex = 0; path = "Retro Calculator.app"; sourceTree = BUILT_PRODUCTS_DIR; };
		E65108C61CF91E9C009347D9 /* AppDelegate.swift */ = {isa = PBXFileReference; lastKnownFileType = sourcecode.swift; path = AppDelegate.swift; sourceTree = "<group>"; };
		E65108C81CF91E9C009347D9 /* ViewController.swift */ = {isa = PBXFileReference; lastKnownFileType = sourcecode.swift; path = ViewController.swift; sourceTree = "<group>"; };
		E65108CB1CF91E9C009347D9 /* Base */ = {isa = PBXFileReference; lastKnownFileType = file.storyboard; name = Base; path = Base.lproj/Main.storyboard; sourceTree = "<group>"; };
		E65108CD1CF91E9C009347D9 /* Assets.xcassets */ = {isa = PBXFileReference; lastKnownFileType = folder.assetcatalog; path = Assets.xcassets; sourceTree = "<group>"; };
		E65108D01CF91E9C009347D9 /* Base */ = {isa = PBXFileReference; lastKnownFileType = file.storyboard; name = Base; path = Base.lproj/LaunchScreen.storyboard; sourceTree = "<group>"; };
		E65108D21CF91E9C009347D9 /* Info.plist */ = {isa = PBXFileReference; lastKnownFileType = text.plist.xml; path = Info.plist; sourceTree = "<group>"; };
		E65108D71CF91E9C009347D9 /* Retro CalculatorTests.xctest */ = {isa = PBXFileReference; explicitFileType = wrapper.cfbundle; includeInIndex = 0; path = "Retro CalculatorTests.xctest"; sourceTree = BUILT_PRODUCTS_DIR; };
		E65108DB1CF91E9C009347D9 /* Retro_CalculatorTests.swift */ = {isa = PBXFileReference; lastKnownFileType = sourcecode.swift; path = Retro_CalculatorTests.swift; sourceTree = "<group>"; };
		E65108DD1CF91E9C009347D9 /* Info.plist */ = {isa = PBXFileReference; lastKnownFileType = text.plist.xml; path = Info.plist; sourceTree = "<group>"; };
		E65108E21CF91E9C009347D9 /* Retro CalculatorUITests.xctest */ = {isa = PBXFileReference; explicitFileType = wrapper.cfbundle; includeInIndex = 0; path = "Retro CalculatorUITests.xctest"; sourceTree = BUILT_PRODUCTS_DIR; };
		E65108E61CF91E9C009347D9 /* Retro_CalculatorUITests.swift */ = {isa = PBXFileReference; lastKnownFileType = sourcecode.swift; path = Retro_CalculatorUITests.swift; sourceTree = "<group>"; };
		E65108E81CF91E9C009347D9 /* Info.plist */ = {isa = PBXFileReference; lastKnownFileType = text.plist.xml; path = Info.plist; sourceTree = "<group>"; };
/* End PBXFileReference section */

/* Begin PBXFrameworksBuildPhase section */
		E65108C01CF91E9C009347D9 /* Frameworks */ = {
			isa = PBXFrameworksBuildPhase;
			buildActionMask = 2147483647;
			files = (
			);
			runOnlyForDeploymentPostprocessing = 0;
		};
		E65108D41CF91E9C009347D9 /* Frameworks */ = {
			isa = PBXFrameworksBuildPhase;
			buildActionMask = 2147483647;
			files = (
			);
			runOnlyForDeploymentPostprocessing = 0;
		};
		E65108DF1CF91E9C009347D9 /* Frameworks */ = {
			isa = PBXFrameworksBuildPhase;
			buildActionMask = 2147483647;
			files = (
			);
			runOnlyForDeploymentPostprocessing = 0;
		};
/* End PBXFrameworksBuildPhase section */

/* Begin PBXGroup section */
		E65108BA1CF91E9C009347D9 = {
			isa = PBXGroup;
			children = (
				E65108C51CF91E9C009347D9 /* Retro Calculator */,
				E65108DA1CF91E9C009347D9 /* Retro CalculatorTests */,
				E65108E51CF91E9C009347D9 /* Retro CalculatorUITests */,
				E65108C41CF91E9C009347D9 /* Products */,
			);
			sourceTree = "<group>";
		};
		E65108C41CF91E9C009347D9 /* Products */ = {
			isa = PBXGroup;
			children = (
				E65108C31CF91E9C009347D9 /* Retro Calculator.app */,
				E65108D71CF91E9C009347D9 /* Retro CalculatorTests.xctest */,
				E65108E21CF91E9C009347D9 /* Retro CalculatorUITests.xctest */,
			);
			name = Products;
			sourceTree = "<group>";
		};
		E65108C51CF91E9C009347D9 /* Retro Calculator */ = {
			isa = PBXGroup;
			children = (
				E65108C61CF91E9C009347D9 /* AppDelegate.swift */,
				E65108C81CF91E9C009347D9 /* ViewController.swift */,
				E65108CA1CF91E9C009347D9 /* Main.storyboard */,
				E65108CD1CF91E9C009347D9 /* Assets.xcassets */,
				E65108CF1CF91E9C009347D9 /* LaunchScreen.storyboard */,
				E65108D21CF91E9C009347D9 /* Info.plist */,
			);
			path = "Retro Calculator";
			sourceTree = "<group>";
		};
		E65108DA1CF91E9C009347D9 /* Retro CalculatorTests */ = {
			isa = PBXGroup;
			children = (
				E65108DB1CF91E9C009347D9 /* Retro_CalculatorTests.swift */,
				E65108DD1CF91E9C009347D9 /* Info.plist */,
			);
			path = "Retro CalculatorTests";
			sourceTree = "<group>";
		};
		E65108E51CF91E9C009347D9 /* Retro CalculatorUITests */ = {
			isa = PBXGroup;
			children = (
				E65108E61CF91E9C009347D9 /* Retro_CalculatorUITests.swift */,
				E65108E81CF91E9C009347D9 /* Info.plist */,
			);
			path = "Retro CalculatorUITests";
			sourceTree = "<group>";
		};
/* End PBXGroup section */

/* Begin PBXNativeTarget section */
		E65108C21CF91E9C009347D9 /* Retro Calculator */ = {
			isa = PBXNativeTarget;
			buildConfigurationList = E65108EB1CF91E9C009347D9 /* Build configuration list for PBXNativeTarget "Retro Calculator" */;
			buildPhases = (
				E65108BF1CF91E9C009347D9 /* Sources */,
				E65108C01CF91E9C009347D9 /* Frameworks */,
				E65108C11CF91E9C009347D9 /* Resources */,
			);
			buildRules = (
			);
			dependencies = (
			);
			name = "Retro Calculator";
			productName = "Retro Calculator";
			productReference = E65108C31CF91E9C009347D9 /* Retro Calculator.app */;
			productType = "com.apple.product-type.application";
		};
		E65108D61CF91E9C009347D9 /* Retro CalculatorTests */ = {
			isa = PBXNativeTarget;
			buildConfigurationList = E65108EE1CF91E9C009347D9 /* Build configuration list for PBXNativeTarget "Retro CalculatorTests" */;
			buildPhases = (
				E65108D31CF91E9C009347D9 /* Sources */,
				E65108D41CF91E9C009347D9 /* Frameworks */,
				E65108D51CF91E9C009347D9 /* Resources */,
			);
			buildRules = (
			);
			dependencies = (
				E65108D91CF91E9C009347D9 /* PBXTargetDependency */,
			);
			name = "Retro CalculatorTests";
			productName = "Retro CalculatorTests";
			productReference = E65108D71CF91E9C009347D9 /* Retro CalculatorTests.xctest */;
			productType = "com.apple.product-type.bundle.unit-test";
		};
		E65108E11CF91E9C009347D9 /* Retro CalculatorUITests */ = {
			isa = PBXNativeTarget;
			buildConfigurationList = E65108F11CF91E9C009347D9 /* Build configuration list for PBXNativeTarget "Retro CalculatorUITests" */;
			buildPhases = (
				E65108DE1CF91E9C009347D9 /* Sources */,
				E65108DF1CF91E9C009347D9 /* Frameworks */,
				E65108E01CF91E9C009347D9 /* Resources */,
			);
			buildRules = (
			);
			dependencies = (
				E65108E41CF91E9C009347D9 /* PBXTargetDependency */,
			);
			name = "Retro CalculatorUITests";
			productName = "Retro CalculatorUITests";
			productReference = E65108E21CF91E9C009347D9 /* Retro CalculatorUITests.xctest */;
			productType = "com.apple.product-type.bundle.ui-testing";
		};
/* End PBXNativeTarget section */

/* Begin PBXProject section */
		E65108BB1CF91E9C009347D9 /* Project object */ = {
			isa = PBXProject;
			attributes = {
				LastSwiftUpdateCheck = 0730;
				LastUpgradeCheck = 0730;
				ORGANIZATIONNAME = "Patrick Lockett";
				TargetAttributes = {
					E65108C21CF91E9C009347D9 = {
						CreatedOnToolsVersion = 7.3.1;
					};
					E65108D61CF91E9C009347D9 = {
						CreatedOnToolsVersion = 7.3.1;
						TestTargetID = E65108C21CF91E9C009347D9;
					};
					E65108E11CF91E9C009347D9 = {
						CreatedOnToolsVersion = 7.3.1;
						TestTargetID = E65108C21CF91E9C009347D9;
					};
				};
			};
			buildConfigurationList = E65108BE1CF91E9C009347D9 /* Build configuration list for PBXProject "Retro Calculator" */;
			compatibilityVersion = "Xcode 3.2";
			developmentRegion = English;
			hasScannedForEncodings = 0;
			knownRegions = (
				en,
				Base,
			);
			mainGroup = E65108BA1CF91E9C009347D9;
			productRefGroup = E65108C41CF91E9C009347D9 /* Products */;
			projectDirPath = "";
			projectRoot = "";
			targets = (
				E65108C21CF91E9C009347D9 /* Retro Calculator */,
				E65108D61CF91E9C009347D9 /* Retro CalculatorTests */,
				E65108E11CF91E9C009347D9 /* Retro CalculatorUITests */,
			);
		};
/* End PBXProject section */

/* Begin PBXResourcesBuildPhase section */
		E65108C11CF91E9C009347D9 /* Resources */ = {
			isa = PBXResourcesBuildPhase;
			buildActionMask = 2147483647;
			files = (
				E65108D11CF91E9C009347D9 /* LaunchScreen.storyboard in Resources */,
				E65108CE1CF91E9C009347D9 /* Assets.xcassets in Resources */,
				E65108CC1CF91E9C009347D9 /* Main.storyboard in Resources */,
			);
			runOnlyForDeploymentPostprocessing = 0;
		};
		E65108D51CF91E9C009347D9 /* Resources */ = {
			isa = PBXResourcesBuildPhase;
			buildActionMask = 2147483647;
			files = (
			);
			runOnlyForDeploymentPostprocessing = 0;
		};
		E65108E01CF91E9C009347D9 /* Resources */ = {
			isa = PBXResourcesBuildPhase;
			buildActionMask = 2147483647;
			files = (
			);
			runOnlyForDeploymentPostprocessing = 0;
		};
/* End PBXResourcesBuildPhase section */

/* Begin PBXSourcesBuildPhase section */
		E65108BF1CF91E9C009347D9 /* Sources */ = {
			isa = PBXSourcesBuildPhase;
			buildActionMask = 2147483647;
			files = (
				E65108C91CF91E9C009347D9 /* ViewController.swift in Sources */,
				E65108C71CF91E9C009347D9 /* AppDelegate.swift in Sources */,
			);
			runOnlyForDeploymentPostprocessing = 0;
		};
		E65108D31CF91E9C009347D9 /* Sources */ = {
			isa = PBXSourcesBuildPhase;
			buildActionMask = 2147483647;
			files = (
				E65108DC1CF91E9C009347D9 /* Retro_CalculatorTests.swift in Sources */,
			);
			runOnlyForDeploymentPostprocessing = 0;
		};
		E65108DE1CF91E9C009347D9 /* Sources */ = {
			isa = PBXSourcesBuildPhase;
			buildActionMask = 2147483647;
			files = (
				E65108E71CF91E9C009347D9 /* Retro_CalculatorUITests.swift in Sources */,
			);
			runOnlyForDeploymentPostprocessing = 0;
		};
/* End PBXSourcesBuildPhase section */

/* Begin PBXTargetDependency section */
		E65108D91CF91E9C009347D9 /* PBXTargetDependency */ = {
			isa = PBXTargetDependency;
			target = E65108C21CF91E9C009347D9 /* Retro Calculator */;
			targetProxy = E65108D81CF91E9C009347D9 /* PBXContainerItemProxy */;
		};
		E65108E41CF91E9C009347D9 /* PBXTargetDependency */ = {
			isa = PBXTargetDependency;
			target = E65108C21CF91E9C009347D9 /* Retro Calculator */;
			targetProxy = E65108E31CF91E9C009347D9 /* PBXContainerItemProxy */;
		};
/* End PBXTargetDependency section */

/* Begin PBXVariantGroup section */
		E65108CA1CF91E9C009347D9 /* Main.storyboard */ = {
			isa = PBXVariantGroup;
			children = (
				E65108CB1CF91E9C009347D9 /* Base */,
			);
			name = Main.storyboard;
			sourceTree = "<group>";
		};
		E65108CF1CF91E9C009347D9 /* LaunchScreen.storyboard */ = {
			isa = PBXVariantGroup;
			children = (
				E65108D01CF91E9C009347D9 /* Base */,
			);
			name = LaunchScreen.storyboard;
			sourceTree = "<group>";
		};
/* End PBXVariantGroup section */

/* Begin XCBuildConfiguration section */
		E65108E91CF91E9C009347D9 /* Debug */ = {
			isa = XCBuildConfiguration;
			buildSettings = {
				ALWAYS_SEARCH_USER_PATHS = NO;
				CLANG_ANALYZER_NONNULL = YES;
				CLANG_CXX_LANGUAGE_STANDARD = "gnu++0x";
				CLANG_CXX_LIBRARY = "libc++";
				CLANG_ENABLE_MODULES = YES;
				CLANG_ENABLE_OBJC_ARC = YES;
				CLANG_WARN_BOOL_CONVERSION = YES;
				CLANG_WARN_CONSTANT_CONVERSION = YES;
				CLANG_WARN_DIRECT_OBJC_ISA_USAGE = YES_ERROR;
				CLANG_WARN_EMPTY_BODY = YES;
				CLANG_WARN_ENUM_CONVERSION = YES;
				CLANG_WARN_INT_CONVERSION = YES;
				CLANG_WARN_OBJC_ROOT_CLASS = YES_ERROR;
				CLANG_WARN_UNREACHABLE_CODE = YES;
				CLANG_WARN__DUPLICATE_METHOD_MATCH = YES;
				"CODE_SIGN_IDENTITY[sdk=iphoneos*]" = "iPhone Developer";
				COPY_PHASE_STRIP = NO;
				DEBUG_INFORMATION_FORMAT = dwarf;
				ENABLE_STRICT_OBJC_MSGSEND = YES;
				ENABLE_TESTABILITY = YES;
				GCC_C_LANGUAGE_STANDARD = gnu99;
				GCC_DYNAMIC_NO_PIC = NO;
				GCC_NO_COMMON_BLOCKS = YES;
				GCC_OPTIMIZATION_LEVEL = 0;
				GCC_PREPROCESSOR_DEFINITIONS = (
					"DEBUG=1",
					"$(inherited)",
				);
				GCC_WARN_64_TO_32_BIT_CONVERSION = YES;
				GCC_WARN_ABOUT_RETURN_TYPE = YES_ERROR;
				GCC_WARN_UNDECLARED_SELECTOR = YES;
				GCC_WARN_UNINITIALIZED_AUTOS = YES_AGGRESSIVE;
				GCC_WARN_UNUSED_FUNCTION = YES;
				GCC_WARN_UNUSED_VARIABLE = YES;
				IPHONEOS_DEPLOYMENT_TARGET = 9.3;
				MTL_ENABLE_DEBUG_INFO = YES;
				ONLY_ACTIVE_ARCH = YES;
				SDKROOT = iphoneos;
				SWIFT_OPTIMIZATION_LEVEL = "-Onone";
				TARGETED_DEVICE_FAMILY = "1,2";
			};
			name = Debug;
		};
		E65108EA1CF91E9C009347D9 /* Release */ = {
			isa = XCBuildConfiguration;
			buildSettings = {
				ALWAYS_SEARCH_USER_PATHS = NO;
				CLANG_ANALYZER_NONNULL = YES;
				CLANG_CXX_LANGUAGE_STANDARD = "gnu++0x";
				CLANG_CXX_LIBRARY = "libc++";
				CLANG_ENABLE_MODULES = YES;
				CLANG_ENABLE_OBJC_ARC = YES;
				CLANG_WARN_BOOL_CONVERSION = YES;
				CLANG_WARN_CONSTANT_CONVERSION = YES;
				CLANG_WARN_DIRECT_OBJC_ISA_USAGE = YES_ERROR;
				CLANG_WARN_EMPTY_BODY = YES;
				CLANG_WARN_ENUM_CONVERSION = YES;
				CLANG_WARN_INT_CONVERSION = YES;
				CLANG_WARN_OBJC_ROOT_CLASS = YES_ERROR;
				CLANG_WARN_UNREACHABLE_CODE = YES;
				CLANG_WARN__DUPLICATE_METHOD_MATCH = YES;
				"CODE_SIGN_IDENTITY[sdk=iphoneos*]" = "iPhone Developer";
				COPY_PHASE_STRIP = NO;
				DEBUG_INFORMATION_FORMAT = "dwarf-with-dsym";
				ENABLE_NS_ASSERTIONS = NO;
				ENABLE_STRICT_OBJC_MSGSEND = YES;
				GCC_C_LANGUAGE_STANDARD = gnu99;
				GCC_NO_COMMON_BLOCKS = YES;
				GCC_WARN_64_TO_32_BIT_CONVERSION = YES;
				GCC_WARN_ABOUT_RETURN_TYPE = YES_ERROR;
				GCC_WARN_UNDECLARED_SELECTOR = YES;
				GCC_WARN_UNINITIALIZED_AUTOS = YES_AGGRESSIVE;
				GCC_WARN_UNUSED_FUNCTION = YES;
				GCC_WARN_UNUSED_VARIABLE = YES;
				IPHONEOS_DEPLOYMENT_TARGET = 9.3;
				MTL_ENABLE_DEBUG_INFO = NO;
				SDKROOT = iphoneos;
				TARGETED_DEVICE_FAMILY = "1,2";
				VALIDATE_PRODUCT = YES;
			};
			name = Release;
		};
		E65108EC1CF91E9C009347D9 /* Debug */ = {
			isa = XCBuildConfiguration;
			buildSettings = {
				ASSETCATALOG_COMPILER_APPICON_NAME = AppIcon;
				INFOPLIST_FILE = "Retro Calculator/Info.plist";
				LD_RUNPATH_SEARCH_PATHS = "$(inherited) @executable_path/Frameworks";
				PRODUCT_BUNDLE_IDENTIFIER = "Dark-Side-Developers.Retro-Calculator";
				PRODUCT_NAME = "$(TARGET_NAME)";
			};
			name = Debug;
		};
		E65108ED1CF91E9C009347D9 /* Release */ = {
			isa = XCBuildConfiguration;
			buildSettings = {
				ASSETCATALOG_COMPILER_APPICON_NAME = AppIcon;
				INFOPLIST_FILE = "Retro Calculator/Info.plist";
				LD_RUNPATH_SEARCH_PATHS = "$(inherited) @executable_path/Frameworks";
				PRODUCT_BUNDLE_IDENTIFIER = "Dark-Side-Developers.Retro-Calculator";
				PRODUCT_NAME = "$(TARGET_NAME)";
			};
			name = Release;
		};
		E65108EF1CF91E9C009347D9 /* Debug */ = {
			isa = XCBuildConfiguration;
			buildSettings = {
				BUNDLE_LOADER = "$(TEST_HOST)";
				INFOPLIST_FILE = "Retro CalculatorTests/Info.plist";
				LD_RUNPATH_SEARCH_PATHS = "$(inherited) @executable_path/Frameworks @loader_path/Frameworks";
				PRODUCT_BUNDLE_IDENTIFIER = "Dark-Side-Developers.Retro-CalculatorTests";
				PRODUCT_NAME = "$(TARGET_NAME)";
				TEST_HOST = "$(BUILT_PRODUCTS_DIR)/Retro Calculator.app/Retro Calculator";
			};
			name = Debug;
		};
		E65108F01CF91E9C009347D9 /* Release */ = {
			isa = XCBuildConfiguration;
			buildSettings = {
				BUNDLE_LOADER = "$(TEST_HOST)";
				INFOPLIST_FILE = "Retro CalculatorTests/Info.plist";
				LD_RUNPATH_SEARCH_PATHS = "$(inherited) @executable_path/Frameworks @loader_path/Frameworks";
				PRODUCT_BUNDLE_IDENTIFIER = "Dark-Side-Developers.Retro-CalculatorTests";
				PRODUCT_NAME = "$(TARGET_NAME)";
				TEST_HOST = "$(BUILT_PRODUCTS_DIR)/Retro Calculator.app/Retro Calculator";
			};
			name = Release;
		};
		E65108F21CF91E9C009347D9 /* Debug */ = {
			isa = XCBuildConfiguration;
			buildSettings = {
				INFOPLIST_FILE = "Retro CalculatorUITests/Info.plist";
				LD_RUNPATH_SEARCH_PATHS = "$(inherited) @executable_path/Frameworks @loader_path/Frameworks";
				PRODUCT_BUNDLE_IDENTIFIER = "Dark-Side-Developers.Retro-CalculatorUITests";
				PRODUCT_NAME = "$(TARGET_NAME)";
				TEST_TARGET_NAME = "Retro Calculator";
			};
			name = Debug;
		};
		E65108F31CF91E9C009347D9 /* Release */ = {
			isa = XCBuildConfiguration;
			buildSettings = {
				INFOPLIST_FILE = "Retro CalculatorUITests/Info.plist";
				LD_RUNPATH_SEARCH_PATHS = "$(inherited) @executable_path/Frameworks @loader_path/Frameworks";
				PRODUCT_BUNDLE_IDENTIFIER = "Dark-Side-Developers.Retro-CalculatorUITests";
				PRODUCT_NAME = "$(TARGET_NAME)";
				TEST_TARGET_NAME = "Retro Calculator";
			};
			name = Release;
		};
/* End XCBuildConfiguration section */

/* Begin XCConfigurationList section */
		E65108BE1CF91E9C009347D9 /* Build configuration list for PBXProject "Retro Calculator" */ = {
			isa = XCConfigurationList;
			buildConfigurations = (
				E65108E91CF91E9C009347D9 /* Debug */,
				E65108EA1CF91E9C009347D9 /* Release */,
			);
			defaultConfigurationIsVisible = 0;
			defaultConfigurationName = Release;
		};
		E65108EB1CF91E9C009347D9 /* Build configuration list for PBXNativeTarget "Retro Calculator" */ = {
			isa = XCConfigurationList;
			buildConfigurations = (
				E65108EC1CF91E9C009347D9 /* Debug */,
				E65108ED1CF91E9C009347D9 /* Release */,
			);
			defaultConfigurationIsVisible = 0;
		};
		E65108EE1CF91E9C009347D9 /* Build configuration list for PBXNativeTarget "Retro CalculatorTests" */ = {
			isa = XCConfigurationList;
			buildConfigurations = (
				E65108EF1CF91E9C009347D9 /* Debug */,
				E65108F01CF91E9C009347D9 /* Release */,
			);
			defaultConfigurationIsVisible = 0;
		};
		E65108F11CF91E9C009347D9 /* Build configuration list for PBXNativeTarget "Retro CalculatorUITests" */ = {
			isa = XCConfigurationList;
			buildConfigurations = (
				E65108F21CF91E9C009347D9 /* Debug */,
				E65108F31CF91E9C009347D9 /* Release */,
			);
			defaultConfigurationIsVisible = 0;
		};
/* End XCConfigurationList section */
	};
	rootObject = E65108BB1CF91E9C009347D9 /* Project object */;
}
